
Microsoft Visual Studio Solution File, Format Version 12.00
# Visual Studio 15
VisualStudioVersion = 15.0.28307.421
MinimumVisualStudioVersion = 10.0.40219.1
Project("{FAE04EC0-301F-11D3-BF4B-00C04F79EFBC}") = "Presupuestea.Android", "Presupuestea\Presupuestea.Android\Presupuestea.Android.csproj", "{DB152C8B-6B1B-4467-B828-2206FB3D83F2}"
EndProject
Project("{FAE04EC0-301F-11D3-BF4B-00C04F79EFBC}") = "Presupuestea.iOS", "Presupuestea\Presupuestea.iOS\Presupuestea.iOS.csproj", "{F4066D9E-BEBD-4A70-B8EE-23B515D42C45}"
EndProject
Project("{FAE04EC0-301F-11D3-BF4B-00C04F79EFBC}") = "Presupuestea", "Presupuestea\Presupuestea\Presupuestea.csproj", "{32B23A4F-BC74-4E14-B4E4-DC78D2AFA418}"
EndProject
Global
	GlobalSection(SolutionConfigurationPlatforms) = preSolution
		Ad-Hoc|Any CPU = Ad-Hoc|Any CPU
		Ad-Hoc|iPhone = Ad-Hoc|iPhone
		Ad-Hoc|iPhoneSimulator = Ad-Hoc|iPhoneSimulator
		AppStore|Any CPU = AppStore|Any CPU
		AppStore|iPhone = AppStore|iPhone
		AppStore|iPhoneSimulator = AppStore|iPhoneSimulator
		Debug|Any CPU = Debug|Any CPU
		Debug|iPhone = Debug|iPhone
		Debug|iPhoneSimulator = Debug|iPhoneSimulator
		Release|Any CPU = Release|Any CPU
		Release|iPhone = Release|iPhone
		Release|iPhoneSimulator = Release|iPhoneSimulator
	EndGlobalSection
	GlobalSection(ProjectConfigurationPlatforms) = postSolution
		{DB152C8B-6B1B-4467-B828-2206FB3D83F2}.Ad-Hoc|Any CPU.ActiveCfg = Release|Any CPU
		{DB152C8B-6B1B-4467-B828-2206FB3D83F2}.Ad-Hoc|Any CPU.Build.0 = Release|Any CPU
		{DB152C8B-6B1B-4467-B828-2206FB3D83F2}.Ad-Hoc|Any CPU.Deploy.0 = Release|Any CPU
		{DB152C8B-6B1B-4467-B828-2206FB3D83F2}.Ad-Hoc|iPhone.ActiveCfg = Release|Any CPU
		{DB152C8B-6B1B-4467-B828-2206FB3D83F2}.Ad-Hoc|iPhone.Build.0 = Release|Any CPU
		{DB152C8B-6B1B-4467-B828-2206FB3D83F2}.Ad-Hoc|iPhone.Deploy.0 = Release|Any CPU
		{DB152C8B-6B1B-4467-B828-2206FB3D83F2}.Ad-Hoc|iPhoneSimulator.ActiveCfg = Release|Any CPU
		{DB152C8B-6B1B-4467-B828-2206FB3D83F2}.Ad-Hoc|iPhoneSimulator.Build.0 = Release|Any CPU
		{DB152C8B-6B1B-4467-B828-2206FB3D83F2}.Ad-Hoc|iPhoneSimulator.Deploy.0 = Release|Any CPU
		{DB152C8B-6B1B-4467-B828-2206FB3D83F2}.AppStore|Any CPU.ActiveCfg = Release|Any CPU
		{DB152C8B-6B1B-4467-B828-2206FB3D83F2}.AppStore|Any CPU.Build.0 = Release|Any CPU
		{DB152C8B-6B1B-4467-B828-2206FB3D83F2}.AppStore|Any CPU.Deploy.0 = Release|Any CPU
		{DB152C8B-6B1B-4467-B828-2206FB3D83F2}.AppStore|iPhone.ActiveCfg = Release|Any CPU
		{DB152C8B-6B1B-4467-B828-2206FB3D83F2}.AppStore|iPhone.Build.0 = Release|Any CPU
		{DB152C8B-6B1B-4467-B828-2206FB3D83F2}.AppStore|iPhone.Deploy.0 = Release|Any CPU
		{DB152C8B-6B1B-4467-B828-2206FB3D83F2}.AppStore|iPhoneSimulator.ActiveCfg = Release|Any CPU
		{DB152C8B-6B1B-4467-B828-2206FB3D83F2}.AppStore|iPhoneSimulator.Build.0 = Release|Any CPU
		{DB152C8B-6B1B-4467-B828-2206FB3D83F2}.AppStore|iPhoneSimulator.Deploy.0 = Release|Any CPU
		{DB152C8B-6B1B-4467-B828-2206FB3D83F2}.Debug|Any CPU.ActiveCfg = Debug|Any CPU
		{DB152C8B-6B1B-4467-B828-2206FB3D83F2}.Debug|Any CPU.Build.0 = Debug|Any CPU
		{DB152C8B-6B1B-4467-B828-2206FB3D83F2}.Debug|Any CPU.Deploy.0 = Debug|Any CPU
		{DB152C8B-6B1B-4467-B828-2206FB3D83F2}.Debug|iPhone.ActiveCfg = Debug|Any CPU
		{DB152C8B-6B1B-4467-B828-2206FB3D83F2}.Debug|iPhone.Build.0 = Debug|Any CPU
		{DB152C8B-6B1B-4467-B828-2206FB3D83F2}.Debug|iPhone.Deploy.0 = Debug|Any CPU
		{DB152C8B-6B1B-4467-B828-2206FB3D83F2}.Debug|iPhoneSimulator.ActiveCfg = Debug|Any CPU
		{DB152C8B-6B1B-4467-B828-2206FB3D83F2}.Debug|iPhoneSimulator.Build.0 = Debug|Any CPU
		{DB152C8B-6B1B-4467-B828-2206FB3D83F2}.Debug|iPhoneSimulator.Deploy.0 = Debug|Any CPU
		{DB152C8B-6B1B-4467-B828-2206FB3D83F2}.Release|Any CPU.ActiveCfg = Release|Any CPU
		{DB152C8B-6B1B-4467-B828-2206FB3D83F2}.Release|Any CPU.Build.0 = Release|Any CPU
		{DB152C8B-6B1B-4467-B828-2206FB3D83F2}.Release|Any CPU.Deploy.0 = Release|Any CPU
		{DB152C8B-6B1B-4467-B828-2206FB3D83F2}.Release|iPhone.ActiveCfg = Release|Any CPU
		{DB152C8B-6B1B-4467-B828-2206FB3D83F2}.Release|iPhone.Build.0 = Release|Any CPU
		{DB152C8B-6B1B-4467-B828-2206FB3D83F2}.Release|iPhone.Deploy.0 = Release|Any CPU
		{DB152C8B-6B1B-4467-B828-2206FB3D83F2}.Release|iPhoneSimulator.ActiveCfg = Release|Any CPU
		{DB152C8B-6B1B-4467-B828-2206FB3D83F2}.Release|iPhoneSimulator.Build.0 = Release|Any CPU
		{DB152C8B-6B1B-4467-B828-2206FB3D83F2}.Release|iPhoneSimulator.Deploy.0 = Release|Any CPU
		{F4066D9E-BEBD-4A70-B8EE-23B515D42C45}.Ad-Hoc|Any CPU.ActiveCfg = Ad-Hoc|iPhone
		{F4066D9E-BEBD-4A70-B8EE-23B515D42C45}.Ad-Hoc|Any CPU.Build.0 = Ad-Hoc|iPhone
		{F4066D9E-BEBD-4A70-B8EE-23B515D42C45}.Ad-Hoc|Any CPU.Deploy.0 = Ad-Hoc|iPhone
		{F4066D9E-BEBD-4A70-B8EE-23B515D42C45}.Ad-Hoc|iPhone.ActiveCfg = Ad-Hoc|iPhone
		{F4066D9E-BEBD-4A70-B8EE-23B515D42C45}.Ad-Hoc|iPhone.Build.0 = Ad-Hoc|iPhone
		{F4066D9E-BEBD-4A70-B8EE-23B515D42C45}.Ad-Hoc|iPhone.Deploy.0 = Ad-Hoc|iPhone
		{F4066D9E-BEBD-4A70-B8EE-23B515D42C45}.Ad-Hoc|iPhoneSimulator.ActiveCfg = Ad-Hoc|iPhoneSimulator
		{F4066D9E-BEBD-4A70-B8EE-23B515D42C45}.Ad-Hoc|iPhoneSimulator.Build.0 = Ad-Hoc|iPhoneSimulator
		{F4066D9E-BEBD-4A70-B8EE-23B515D42C45}.Ad-Hoc|iPhoneSimulator.Deploy.0 = Ad-Hoc|iPhoneSimulator
		{F4066D9E-BEBD-4A70-B8EE-23B515D42C45}.AppStore|Any CPU.ActiveCfg = AppStore|iPhone
		{F4066D9E-BEBD-4A70-B8EE-23B515D42C45}.AppStore|Any CPU.Build.0 = AppStore|iPhone
		{F4066D9E-BEBD-4A70-B8EE-23B515D42C45}.AppStore|Any CPU.Deploy.0 = AppStore|iPhone
		{F4066D9E-BEBD-4A70-B8EE-23B515D42C45}.AppStore|iPhone.ActiveCfg = AppStore|iPhone
		{F4066D9E-BEBD-4A70-B8EE-23B515D42C45}.AppStore|iPhone.Build.0 = AppStore|iPhone
		{F4066D9E-BEBD-4A70-B8EE-23B515D42C45}.AppStore|iPhone.Deploy.0 = AppStore|iPhone
		{F4066D9E-BEBD-4A70-B8EE-23B515D42C45}.AppStore|iPhoneSimulator.ActiveCfg = AppStore|iPhoneSimulator
		{F4066D9E-BEBD-4A70-B8EE-23B515D42C45}.AppStore|iPhoneSimulator.Build.0 = AppStore|iPhoneSimulator
		{F4066D9E-BEBD-4A70-B8EE-23B515D42C45}.AppStore|iPhoneSimulator.Deploy.0 = AppStore|iPhoneSimulator
		{F4066D9E-BEBD-4A70-B8EE-23B515D42C45}.Debug|Any CPU.ActiveCfg = Debug|iPhoneSimulator
		{F4066D9E-BEBD-4A70-B8EE-23B515D42C45}.Debug|Any CPU.Build.0 = Debug|iPhoneSimulator
		{F4066D9E-BEBD-4A70-B8EE-23B515D42C45}.Debug|Any CPU.Deploy.0 = Debug|iPhoneSimulator
		{F4066D9E-BEBD-4A70-B8EE-23B515D42C45}.Debug|iPhone.ActiveCfg = Debug|iPhone
		{F4066D9E-BEBD-4A70-B8EE-23B515D42C45}.Debug|iPhone.Build.0 = Debug|iPhone
		{F4066D9E-BEBD-4A70-B8EE-23B515D42C45}.Debug|iPhone.Deploy.0 = Debug|iPhone
		{F4066D9E-BEBD-4A70-B8EE-23B515D42C45}.Debug|iPhoneSimulator.ActiveCfg = Debug|iPhoneSimulator
		{F4066D9E-BEBD-4A70-B8EE-23B515D42C45}.Debug|iPhoneSimulator.Build.0 = Debug|iPhoneSimulator
		{F4066D9E-BEBD-4A70-B8EE-23B515D42C45}.Debug|iPhoneSimulator.Deploy.0 = Debug|iPhoneSimulator
		{F4066D9E-BEBD-4A70-B8EE-23B515D42C45}.Release|Any CPU.ActiveCfg = Release|iPhone
		{F4066D9E-BEBD-4A70-B8EE-23B515D42C45}.Release|Any CPU.Build.0 = Release|iPhone
		{F4066D9E-BEBD-4A70-B8EE-23B515D42C45}.Release|Any CPU.Deploy.0 = Release|iPhone
		{F4066D9E-BEBD-4A70-B8EE-23B515D42C45}.Release|iPhone.ActiveCfg = Release|iPhone
		{F4066D9E-BEBD-4A70-B8EE-23B515D42C45}.Release|iPhone.Build.0 = Release|iPhone
		{F4066D9E-BEBD-4A70-B8EE-23B515D42C45}.Release|iPhone.Deploy.0 = Release|iPhone
		{F4066D9E-BEBD-4A70-B8EE-23B515D42C45}.Release|iPhoneSimulator.ActiveCfg = Release|iPhoneSimulator
		{F4066D9E-BEBD-4A70-B8EE-23B515D42C45}.Release|iPhoneSimulator.Build.0 = Release|iPhoneSimulator
		{F4066D9E-BEBD-4A70-B8EE-23B515D42C45}.Release|iPhoneSimulator.Deploy.0 = Release|iPhoneSimulator
		{32B23A4F-BC74-4E14-B4E4-DC78D2AFA418}.Ad-Hoc|Any CPU.ActiveCfg = Debug|Any CPU
		{32B23A4F-BC74-4E14-B4E4-DC78D2AFA418}.Ad-Hoc|Any CPU.Build.0 = Debug|Any CPU
		{32B23A4F-BC74-4E14-B4E4-DC78D2AFA418}.Ad-Hoc|Any CPU.Deploy.0 = Debug|Any CPU
		{32B23A4F-BC74-4E14-B4E4-DC78D2AFA418}.Ad-Hoc|iPhone.ActiveCfg = Debug|Any CPU
		{32B23A4F-BC74-4E14-B4E4-DC78D2AFA418}.Ad-Hoc|iPhone.Build.0 = Debug|Any CPU
		{32B23A4F-BC74-4E14-B4E4-DC78D2AFA418}.Ad-Hoc|iPhone.Deploy.0 = Debug|Any CPU
		{32B23A4F-BC74-4E14-B4E4-DC78D2AFA418}.Ad-Hoc|iPhoneSimulator.ActiveCfg = Debug|Any CPU
		{32B23A4F-BC74-4E14-B4E4-DC78D2AFA418}.Ad-Hoc|iPhoneSimulator.Build.0 = Debug|Any CPU
		{32B23A4F-BC74-4E14-B4E4-DC78D2AFA418}.Ad-Hoc|iPhoneSimulator.Deploy.0 = Debug|Any CPU
		{32B23A4F-BC74-4E14-B4E4-DC78D2AFA418}.AppStore|Any CPU.ActiveCfg = Debug|Any CPU
		{32B23A4F-BC74-4E14-B4E4-DC78D2AFA418}.AppStore|Any CPU.Build.0 = Debug|Any CPU
		{32B23A4F-BC74-4E14-B4E4-DC78D2AFA418}.AppStore|Any CPU.Deploy.0 = Debug|Any CPU
		{32B23A4F-BC74-4E14-B4E4-DC78D2AFA418}.AppStore|iPhone.ActiveCfg = Debug|Any CPU
		{32B23A4F-BC74-4E14-B4E4-DC78D2AFA418}.AppStore|iPhone.Build.0 = Debug|Any CPU
		{32B23A4F-BC74-4E14-B4E4-DC78D2AFA418}.AppStore|iPhone.Deploy.0 = Debug|Any CPU
		{32B23A4F-BC74-4E14-B4E4-DC78D2AFA418}.AppStore|iPhoneSimulator.ActiveCfg = Debug|Any CPU
		{32B23A4F-BC74-4E14-B4E4-DC78D2AFA418}.AppStore|iPhoneSimulator.Build.0 = Debug|Any CPU
		{32B23A4F-BC74-4E14-B4E4-DC78D2AFA418}.AppStore|iPhoneSimulator.Deploy.0 = Debug|Any CPU
		{32B23A4F-BC74-4E14-B4E4-DC78D2AFA418}.Debug|Any CPU.ActiveCfg = Debug|Any CPU
		{32B23A4F-BC74-4E14-B4E4-DC78D2AFA418}.Debug|Any CPU.Build.0 = Debug|Any CPU
		{32B23A4F-BC74-4E14-B4E4-DC78D2AFA418}.Debug|Any CPU.Deploy.0 = Debug|Any CPU
		{32B23A4F-BC74-4E14-B4E4-DC78D2AFA418}.Debug|iPhone.ActiveCfg = Debug|Any CPU
		{32B23A4F-BC74-4E14-B4E4-DC78D2AFA418}.Debug|iPhone.Build.0 = Debug|Any CPU
		{32B23A4F-BC74-4E14-B4E4-DC78D2AFA418}.Debug|iPhone.Deploy.0 = Debug|Any CPU
		{32B23A4F-BC74-4E14-B4E4-DC78D2AFA418}.Debug|iPhoneSimulator.ActiveCfg = Debug|Any CPU
		{32B23A4F-BC74-4E14-B4E4-DC78D2AFA418}.Debug|iPhoneSimulator.Build.0 = Debug|Any CPU
		{32B23A4F-BC74-4E14-B4E4-DC78D2AFA418}.Debug|iPhoneSimulator.Deploy.0 = Debug|Any CPU
		{32B23A4F-BC74-4E14-B4E4-DC78D2AFA418}.Release|Any CPU.ActiveCfg = Release|Any CPU
		{32B23A4F-BC74-4E14-B4E4-DC78D2AFA418}.Release|Any CPU.Build.0 = Release|Any CPU
		{32B23A4F-BC74-4E14-B4E4-DC78D2AFA418}.Release|Any CPU.Deploy.0 = Release|Any CPU
		{32B23A4F-BC74-4E14-B4E4-DC78D2AFA418}.Release|iPhone.ActiveCfg = Release|Any CPU
		{32B23A4F-BC74-4E14-B4E4-DC78D2AFA418}.Release|iPhone.Build.0 = Release|Any CPU
		{32B23A4F-BC74-4E14-B4E4-DC78D2AFA418}.Release|iPhone.Deploy.0 = Release|Any CPU
		{32B23A4F-BC74-4E14-B4E4-DC78D2AFA418}.Release|iPhoneSimulator.ActiveCfg = Release|Any CPU
		{32B23A4F-BC74-4E14-B4E4-DC78D2AFA418}.Release|iPhoneSimulator.Build.0 = Release|Any CPU
		{32B23A4F-BC74-4E14-B4E4-DC78D2AFA418}.Release|iPhoneSimulator.Deploy.0 = Release|Any CPU
	EndGlobalSection
	GlobalSection(SolutionProperties) = preSolution
		HideSolutionNode = FALSE
	EndGlobalSection
	GlobalSection(ExtensibilityGlobals) = postSolution
		SolutionGuid = {594F0005-A6CF-4865-8E74-175C666E16E2}
	EndGlobalSection
EndGlobal
