
Microsoft Visual Studio Solution File, Format Version 12.00
# Visual Studio 15
VisualStudioVersion = 15.0.28307.329
MinimumVisualStudioVersion = 10.0.40219.1
Project("{FAE04EC0-301F-11D3-BF4B-00C04F79EFBC}") = "Calculator", "Calculator\Calculator.csproj", "{51CFFD07-8C3F-4728-A0EF-9D3505CD42CC}"
EndProject
Global
	GlobalSection(SolutionConfigurationPlatforms) = preSolution
		Debug|Any CPU = Debug|Any CPU
		Release|Any CPU = Release|Any CPU
	EndGlobalSection
	GlobalSection(ProjectConfigurationPlatforms) = postSolution
		{51CFFD07-8C3F-4728-A0EF-9D3505CD42CC}.Debug|Any CPU.ActiveCfg = Debug|Any CPU
		{51CFFD07-8C3F-4728-A0EF-9D3505CD42CC}.Debug|Any CPU.Build.0 = Debug|Any CPU
		{51CFFD07-8C3F-4728-A0EF-9D3505CD42CC}.Release|Any CPU.ActiveCfg = Release|Any CPU
		{51CFFD07-8C3F-4728-A0EF-9D3505CD42CC}.Release|Any CPU.Build.0 = Release|Any CPU
	EndGlobalSection
	GlobalSection(SolutionProperties) = preSolution
		HideSolutionNode = FALSE
	EndGlobalSection
	GlobalSection(ExtensibilityGlobals) = postSolution
		SolutionGuid = {3642A49D-A98A-4C3E-AC0A-75C164A7F468}
	EndGlobalSection
EndGlobal
