
Microsoft Visual Studio Solution File, Format Version 12.00
# Visual Studio Version 16
VisualStudioVersion = 16.0.29215.179
MinimumVisualStudioVersion = 10.0.40219.1
Project("{FAE04EC0-301F-11D3-BF4B-00C04F79EFBC}") = "Presupuestea", "Presupuestea\Presupuestea.csproj", "{04B46379-5867-4A60-908D-B039884BC9D9}"
EndProject
Global
	GlobalSection(SolutionConfigurationPlatforms) = preSolution
		Debug|Any CPU = Debug|Any CPU
		Release|Any CPU = Release|Any CPU
	EndGlobalSection
	GlobalSection(ProjectConfigurationPlatforms) = postSolution
		{04B46379-5867-4A60-908D-B039884BC9D9}.Debug|Any CPU.ActiveCfg = Debug|Any CPU
		{04B46379-5867-4A60-908D-B039884BC9D9}.Debug|Any CPU.Build.0 = Debug|Any CPU
		{04B46379-5867-4A60-908D-B039884BC9D9}.Release|Any CPU.ActiveCfg = Release|Any CPU
		{04B46379-5867-4A60-908D-B039884BC9D9}.Release|Any CPU.Build.0 = Release|Any CPU
	EndGlobalSection
	GlobalSection(SolutionProperties) = preSolution
		HideSolutionNode = FALSE
	EndGlobalSection
	GlobalSection(ExtensibilityGlobals) = postSolution
		SolutionGuid = {CD6637BD-9DA7-4FA8-8F33-D82185277E2F}
	EndGlobalSection
EndGlobal
